PODS:
  - breez_sdk_spark_flutter (0.17.0):
    - Flutter
  - Flutter (1.0.0)
  - flutter_secure_storage (6.0.0):
    - Flutter
  - gallery_saver_plus (0.0.1):
    - Flutter
  - rust_lib_qiqstr (0.0.1):
    - Flutter

DEPENDENCIES:
  - breez_sdk_spark_flutter (from `.symlinks/plugins/breez_sdk_spark_flutter/ios`)
  - Flutter (from `Flutter`)
  - flutter_secure_storage (from `.symlinks/plugins/flutter_secure_storage/ios`)
  - gallery_saver_plus (from `.symlinks/plugins/gallery_saver_plus/ios`)
  - rust_lib_qiqstr (from `.symlinks/plugins/rust_lib_qiqstr/ios`)

EXTERNAL SOURCES:
  breez_sdk_spark_flutter:
    :path: ".symlinks/plugins/breez_sdk_spark_flutter/ios"
  Flutter:
    :path: Flutter
  flutter_secure_storage:
    :path: ".symlinks/plugins/flutter_secure_storage/ios"
  gallery_saver_plus:
    :path: ".symlinks/plugins/gallery_saver_plus/ios"
  rust_lib_qiqstr:
    :path: ".symlinks/plugins/rust_lib_qiqstr/ios"

SPEC CHECKSUMS:
  breez_sdk_spark_flutter: 340309418c394d3a9209e07a8b2e38b31843ade9
  Flutter: cabc95a1d2626b1b06e7179b784ebcf0c0cde467
  flutter_secure_storage: 1ed9476fba7e7a782b22888f956cce43e2c62f13
  gallery_saver_plus: 61c8a831d5975e2bf57f87bcd64379dcc7d29ff2
  rust_lib_qiqstr: 75e208e74cb72467266768a0afd003c04563d188

PODFILE CHECKSUM: 45d3856f3db80f7d72f27a712912db8766860d37

COCOAPODS: 1.16.2
