PODS:
  - breez_sdk_spark_flutter (0.13.2-dev5):
    - Flutter
  - Flutter (1.0.0)
  - flutter_secure_storage (6.0.0):
    - Flutter
  - gallery_saver_plus (0.0.1):
    - Flutter
  - rust_lib_qiqstr (0.0.1):
    - Flutter

DEPENDENCIES:
  - breez_sdk_spark_flutter (from `.symlinks/plugins/breez_sdk_spark_flutter/ios`)
  - Flutter (from `Flutter`)
  - flutter_secure_storage (from `.symlinks/plugins/flutter_secure_storage/ios`)
  - gallery_saver_plus (from `.symlinks/plugins/gallery_saver_plus/ios`)
  - rust_lib_qiqstr (from `.symlinks/plugins/rust_lib_qiqstr/ios`)

EXTERNAL SOURCES:
  breez_sdk_spark_flutter:
    :path: ".symlinks/plugins/breez_sdk_spark_flutter/ios"
  Flutter:
    :path: Flutter
  flutter_secure_storage:
    :path: ".symlinks/plugins/flutter_secure_storage/ios"
  gallery_saver_plus:
    :path: ".symlinks/plugins/gallery_saver_plus/ios"
  rust_lib_qiqstr:
    :path: ".symlinks/plugins/rust_lib_qiqstr/ios"

SPEC CHECKSUMS:
  breez_sdk_spark_flutter: 7240c76074b6922ebbeabfd712472b299df7be2f
  Flutter: cabc95a1d2626b1b06e7179b784ebcf0c0cde467
  flutter_secure_storage: d33dac7ae2ea08509be337e775f6b59f1ff45f12
  gallery_saver_plus: c4b59c605df1049a02d036ef81d82972b6dfd606
  rust_lib_qiqstr: b8e39f441e535e4536e68954978f1aace990120e

PODFILE CHECKSUM: 45d3856f3db80f7d72f27a712912db8766860d37

COCOAPODS: 1.16.2
